
Microsoft Visual Studio Solution File, Format Version 12.00
# Visual Studio Version 17
VisualStudioVersion = 17.8.34525.116
MinimumVisualStudioVersion = 10.0.40219.1
Project("{9A19103F-16F7-4668-BE54-9A1E7A4F7556}") = "Gestao_bibliotecasAPI", "Gestao_bibliotecasAPI.csproj", "{A44334CB-038C-49A7-8CD9-5ABB98E849FF}"
EndProject
Project("{9A19103F-16F7-4668-BE54-9A1E7A4F7556}") = "Domain", "..\Domain\Domain.csproj", "{A26D1272-A73C-4319-86F4-C4F57A3A04B0}"
EndProject
Project("{9A19103F-16F7-4668-BE54-9A1E7A4F7556}") = "Application", "..\Application\Application.csproj", "{7AB08FD1-67D9-46F4-8D79-B94906BBBA10}"
EndProject
Project("{9A19103F-16F7-4668-BE54-9A1E7A4F7556}") = "Infra", "..\Infra\Infra.csproj", "{7E4D9A53-E62E-4B46-8CA0-1A04DD4896CF}"
EndProject
Global
	GlobalSection(SolutionConfigurationPlatforms) = preSolution
		Debug|Any CPU = Debug|Any CPU
		Release|Any CPU = Release|Any CPU
	EndGlobalSection
	GlobalSection(ProjectConfigurationPlatforms) = postSolution
		{A44334CB-038C-49A7-8CD9-5ABB98E849FF}.Debug|Any CPU.ActiveCfg = Debug|Any CPU
		{A44334CB-038C-49A7-8CD9-5ABB98E849FF}.Debug|Any CPU.Build.0 = Debug|Any CPU
		{A44334CB-038C-49A7-8CD9-5ABB98E849FF}.Release|Any CPU.ActiveCfg = Release|Any CPU
		{A44334CB-038C-49A7-8CD9-5ABB98E849FF}.Release|Any CPU.Build.0 = Release|Any CPU
		{A26D1272-A73C-4319-86F4-C4F57A3A04B0}.Debug|Any CPU.ActiveCfg = Debug|Any CPU
		{A26D1272-A73C-4319-86F4-C4F57A3A04B0}.Debug|Any CPU.Build.0 = Debug|Any CPU
		{A26D1272-A73C-4319-86F4-C4F57A3A04B0}.Release|Any CPU.ActiveCfg = Release|Any CPU
		{A26D1272-A73C-4319-86F4-C4F57A3A04B0}.Release|Any CPU.Build.0 = Release|Any CPU
		{7AB08FD1-67D9-46F4-8D79-B94906BBBA10}.Debug|Any CPU.ActiveCfg = Debug|Any CPU
		{7AB08FD1-67D9-46F4-8D79-B94906BBBA10}.Debug|Any CPU.Build.0 = Debug|Any CPU
		{7AB08FD1-67D9-46F4-8D79-B94906BBBA10}.Release|Any CPU.ActiveCfg = Release|Any CPU
		{7AB08FD1-67D9-46F4-8D79-B94906BBBA10}.Release|Any CPU.Build.0 = Release|Any CPU
		{7E4D9A53-E62E-4B46-8CA0-1A04DD4896CF}.Debug|Any CPU.ActiveCfg = Debug|Any CPU
		{7E4D9A53-E62E-4B46-8CA0-1A04DD4896CF}.Debug|Any CPU.Build.0 = Debug|Any CPU
		{7E4D9A53-E62E-4B46-8CA0-1A04DD4896CF}.Release|Any CPU.ActiveCfg = Release|Any CPU
		{7E4D9A53-E62E-4B46-8CA0-1A04DD4896CF}.Release|Any CPU.Build.0 = Release|Any CPU
	EndGlobalSection
	GlobalSection(SolutionProperties) = preSolution
		HideSolutionNode = FALSE
	EndGlobalSection
	GlobalSection(ExtensibilityGlobals) = postSolution
		SolutionGuid = {E4D7C481-1434-45BB-843B-B4D806ED6C45}
	EndGlobalSection
EndGlobal
